<?xml version="1.0" encoding="UTF-8" standalone="yes" ?>
<CodeBlocks_project_file>
	<FileVersion major="1" minor="6" />
	<Project>
		<Option title="Murmure" />
		<Option makefile_is_custom="1" />
		<Option execution_dir="../Murmure" />
		<Option pch_mode="2" />
		<Option compiler="gcc" />
		<Build>
			<Target title="murmure_txt">
				<Option output="bin/murmure_txt" prefix_auto="1" extension_auto="1" />
				<Option object_output="obj/Release/" />
				<Option type="1" />
				<Option compiler="gcc" />
				<Compiler>
					<Add option="-O2" />
				</Compiler>
				<Linker>
					<Add option="-s" />
				</Linker>
				<MakeCommands>
					<Build command="$make -f $makefile $target" />
					<CompileFile command="$make -f $makefile $file" />
					<Clean command="$make -f $makefile clean" />
					<DistClean command="$make -f $makefile distclean$target" />
					<AskRebuildNeeded command="$make -q -f $makefile $target" />
					<SilentBuild command="$make -f $makefile $target &gt; $(CMD_NULL)" />
				</MakeCommands>
			</Target>
			<Target title="murmure_test">
				<Option output="bin/murmure_test" prefix_auto="1" extension_auto="1" />
				<Option type="1" />
				<Option compiler="gcc" />
				<MakeCommands>
					<Build command="$make -f $makefile $target" />
					<CompileFile command="$make -f $makefile $file" />
					<Clean command="$make -f $makefile clean" />
					<DistClean command="$make -f $makefile distclean$target" />
					<AskRebuildNeeded command="$make -q -f $makefile $target" />
					<SilentBuild command="$make -f $makefile $target &gt; $(CMD_NULL)" />
				</MakeCommands>
			</Target>
			<Target title="murmure_sfml">
				<Option output="bin/murmure_sfml" prefix_auto="1" extension_auto="1" />
				<Option type="1" />
				<Option compiler="gcc" />
				<ExtraCommands>
					<Add after="export LD_LIBRARY_PATH=lib/SFML-2.4.2/SFML-2.4.2_Linux-gcc-5.4.0/lib &amp;&amp; bin/murmure_sfml" />
				</ExtraCommands>
				<MakeCommands>
					<Build command="$make -f $makefile $target" />
					<CompileFile command="$make -f $makefile $file" />
					<Clean command="$make -f $makefile clean" />
					<DistClean command="$make -f $makefile distclean$target" />
					<AskRebuildNeeded command="$make -q -f $makefile $target" />
					<SilentBuild command="$make -f $makefile $target &gt; $(CMD_NULL)" />
				</MakeCommands>
			</Target>
			<Target title="murmure_gen_test">
				<Option output="bin/murmure_gen_test" prefix_auto="1" extension_auto="1" />
				<Option type="1" />
				<Option compiler="gcc" />
				<MakeCommands>
					<Build command="$make -f $makefile $target" />
					<CompileFile command="$make -f $makefile $file" />
					<Clean command="$make -f $makefile clean" />
					<DistClean command="$make -f $makefile distclean$target" />
					<AskRebuildNeeded command="$make -q -f $makefile $target" />
					<SilentBuild command="$make -f $makefile $target &gt; $(CMD_NULL)" />
				</MakeCommands>
			</Target>
			<Target title="murmure_test_q">
				<Option output="bin/murmure_test_q" prefix_auto="1" extension_auto="1" />
				<Option type="1" />
				<Option compiler="gcc" />
				<MakeCommands>
					<Build command="$make -f $makefile $target" />
					<CompileFile command="$make -f $makefile $file" />
					<Clean command="$make -f $makefile clean" />
					<DistClean command="$make -f $makefile distclean$target" />
					<AskRebuildNeeded command="$make -q -f $makefile $target" />
					<SilentBuild command="$make -f $makefile $target &gt; $(CMD_NULL)" />
				</MakeCommands>
			</Target>
			<Target title="murmure_test_regression">
				<Option output="bin/murmure_test_regression" prefix_auto="1" extension_auto="1" />
				<Option type="1" />
				<Option compiler="gcc" />
				<MakeCommands>
					<Build command="$make -f $makefile $target" />
					<CompileFile command="$make -f $makefile $file" />
					<Clean command="$make -f $makefile clean" />
					<DistClean command="$make -f $makefile distclean$target" />
					<AskRebuildNeeded command="$make -q -f $makefile $target" />
					<SilentBuild command="$make -f $makefile $target &gt; $(CMD_NULL)" />
				</MakeCommands>
			</Target>
		</Build>
		<Compiler>
			<Add option="-Wall" />
		</Compiler>
		<Unit filename="Makefile">
			<Option target="murmure_txt" />
		</Unit>
		<Unit filename="src/core/Arme.cpp">
			<Option target="murmure_txt" />
			<Option target="murmure_test" />
			<Option target="murmure_sfml" />
			<Option target="murmure_gen_test" />
			<Option target="murmure_test_q" />
		</Unit>
		<Unit filename="src/core/Arme.h">
			<Option target="murmure_txt" />
			<Option target="murmure_test" />
			<Option target="murmure_sfml" />
			<Option target="murmure_gen_test" />
			<Option target="murmure_test_q" />
		</Unit>
		<Unit filename="src/core/CaseSalle.cpp">
			<Option target="murmure_txt" />
			<Option target="murmure_test" />
			<Option target="murmure_sfml" />
			<Option target="murmure_gen_test" />
			<Option target="murmure_test_q" />
		</Unit>
		<Unit filename="src/core/CaseSalle.h">
			<Option target="murmure_txt" />
			<Option target="murmure_test" />
			<Option target="murmure_sfml" />
			<Option target="murmure_gen_test" />
			<Option target="murmure_test_q" />
		</Unit>
		<Unit filename="src/core/Clef.cpp" />
		<Unit filename="src/core/Clef.h" />
		<Unit filename="src/core/Config.h" />
		<Unit filename="src/core/Coord2D.cpp">
			<Option target="murmure_txt" />
			<Option target="murmure_test" />
			<Option target="murmure_sfml" />
			<Option target="murmure_gen_test" />
			<Option target="murmure_test_q" />
		</Unit>
		<Unit filename="src/core/Coord2D.h">
			<Option target="murmure_txt" />
			<Option target="murmure_test" />
			<Option target="murmure_sfml" />
			<Option target="murmure_gen_test" />
			<Option target="murmure_test_q" />
		</Unit>
		<Unit filename="src/core/Ennemi.cpp">
			<Option target="murmure_txt" />
			<Option target="murmure_test" />
			<Option target="murmure_sfml" />
			<Option target="murmure_gen_test" />
			<Option target="murmure_test_q" />
		</Unit>
		<Unit filename="src/core/Ennemi.h">
			<Option target="murmure_txt" />
			<Option target="murmure_test" />
			<Option target="murmure_sfml" />
			<Option target="murmure_gen_test" />
			<Option target="murmure_test_q" />
		</Unit>
		<Unit filename="src/core/Fichier.cpp">
			<Option target="murmure_txt" />
			<Option target="murmure_test" />
			<Option target="murmure_sfml" />
			<Option target="murmure_gen_test" />
			<Option target="murmure_test_q" />
		</Unit>
		<Unit filename="src/core/Fichier.h">
			<Option target="murmure_txt" />
			<Option target="murmure_test" />
			<Option target="murmure_sfml" />
			<Option target="murmure_gen_test" />
			<Option target="murmure_test_q" />
		</Unit>
		<Unit filename="src/core/GestionSalle.cpp" />
		<Unit filename="src/core/GestionSalle.h" />
		<Unit filename="src/core/Jeu.cpp">
			<Option target="murmure_txt" />
			<Option target="murmure_test" />
			<Option target="murmure_sfml" />
			<Option target="murmure_gen_test" />
			<Option target="murmure_test_q" />
		</Unit>
		<Unit filename="src/core/Jeu.h">
			<Option target="murmure_txt" />
			<Option target="murmure_test" />
			<Option target="murmure_sfml" />
			<Option target="murmure_gen_test" />
			<Option target="murmure_test_q" />
		</Unit>
		<Unit filename="src/core/Modele.cpp">
			<Option target="murmure_test" />
			<Option target="murmure_sfml" />
			<Option target="murmure_gen_test" />
			<Option target="murmure_test_q" />
		</Unit>
		<Unit filename="src/core/Modele.h">
			<Option target="murmure_test" />
			<Option target="murmure_sfml" />
			<Option target="murmure_gen_test" />
			<Option target="murmure_test_q" />
		</Unit>
		<Unit filename="src/core/ModeleSalle.cpp">
			<Option target="murmure_txt" />
			<Option target="murmure_test" />
			<Option target="murmure_sfml" />
			<Option target="murmure_gen_test" />
			<Option target="murmure_test_q" />
		</Unit>
		<Unit filename="src/core/ModeleSalle.h">
			<Option target="murmure_txt" />
			<Option target="murmure_test" />
			<Option target="murmure_sfml" />
			<Option target="murmure_gen_test" />
			<Option target="murmure_test_q" />
		</Unit>
		<Unit filename="src/core/Objet.cpp" />
		<Unit filename="src/core/Objet.h" />
		<Unit filename="src/core/Perso.cpp">
			<Option target="murmure_txt" />
			<Option target="murmure_test" />
			<Option target="murmure_sfml" />
			<Option target="murmure_gen_test" />
			<Option target="murmure_test_q" />
		</Unit>
		<Unit filename="src/core/Perso.h">
			<Option target="murmure_txt" />
			<Option target="murmure_test" />
			<Option target="murmure_sfml" />
			<Option target="murmure_gen_test" />
			<Option target="murmure_test_q" />
		</Unit>
		<Unit filename="src/core/Projectile.cpp">
			<Option target="murmure_txt" />
			<Option target="murmure_test" />
			<Option target="murmure_sfml" />
			<Option target="murmure_gen_test" />
			<Option target="murmure_test_q" />
		</Unit>
		<Unit filename="src/core/Projectile.h">
			<Option target="murmure_txt" />
			<Option target="murmure_test" />
			<Option target="murmure_sfml" />
			<Option target="murmure_gen_test" />
			<Option target="murmure_test_q" />
		</Unit>
		<Unit filename="src/core/Salle.cpp">
			<Option target="murmure_txt" />
			<Option target="murmure_test" />
			<Option target="murmure_sfml" />
			<Option target="murmure_gen_test" />
			<Option target="murmure_test_q" />
		</Unit>
		<Unit filename="src/core/Salle.h">
			<Option target="murmure_txt" />
			<Option target="murmure_test" />
			<Option target="murmure_sfml" />
			<Option target="murmure_gen_test" />
			<Option target="murmure_test_q" />
		</Unit>
		<Unit filename="src/core/SalleGen.cpp">
			<Option target="murmure_txt" />
			<Option target="murmure_test" />
			<Option target="murmure_sfml" />
			<Option target="murmure_gen_test" />
			<Option target="murmure_test_q" />
		</Unit>
		<Unit filename="src/core/SalleGen.h">
			<Option target="murmure_txt" />
			<Option target="murmure_test" />
			<Option target="murmure_sfml" />
			<Option target="murmure_gen_test" />
			<Option target="murmure_test_q" />
		</Unit>
		<Unit filename="src/core/VecteurM.cpp">
			<Option target="murmure_txt" />
			<Option target="murmure_test" />
			<Option target="murmure_sfml" />
			<Option target="murmure_gen_test" />
			<Option target="murmure_test_q" />
		</Unit>
		<Unit filename="src/core/VecteurM.h">
			<Option target="murmure_txt" />
			<Option target="murmure_test" />
			<Option target="murmure_sfml" />
			<Option target="murmure_gen_test" />
			<Option target="murmure_test_q" />
		</Unit>
		<Unit filename="src/core/Zone.cpp">
			<Option target="murmure_txt" />
			<Option target="murmure_test" />
			<Option target="murmure_sfml" />
			<Option target="murmure_gen_test" />
			<Option target="murmure_test_q" />
		</Unit>
		<Unit filename="src/core/Zone.h">
			<Option target="murmure_test_q" />
		</Unit>
		<Unit filename="src/core/ZoneGen.cpp">
			<Option target="murmure_txt" />
			<Option target="murmure_test" />
			<Option target="murmure_sfml" />
			<Option target="murmure_gen_test" />
			<Option target="murmure_test_q" />
		</Unit>
		<Unit filename="src/core/ZoneGen.h">
			<Option target="murmure_txt" />
			<Option target="murmure_test" />
			<Option target="murmure_sfml" />
			<Option target="murmure_gen_test" />
			<Option target="murmure_test_q" />
		</Unit>
		<Unit filename="src/sfml/CarteAffSFML.cpp">
			<Option target="murmure_txt" />
			<Option target="murmure_test" />
			<Option target="murmure_sfml" />
			<Option target="murmure_gen_test" />
			<Option target="murmure_test_q" />
		</Unit>
		<Unit filename="src/sfml/CarteAffSFML.h">
			<Option target="murmure_txt" />
			<Option target="murmure_test" />
			<Option target="murmure_sfml" />
			<Option target="murmure_gen_test" />
			<Option target="murmure_test_q" />
		</Unit>
		<Unit filename="src/sfml/CaseSFML.cpp">
			<Option target="murmure_txt" />
			<Option target="murmure_test" />
			<Option target="murmure_sfml" />
			<Option target="murmure_gen_test" />
			<Option target="murmure_test_q" />
		</Unit>
		<Unit filename="src/sfml/CaseSFML.h">
			<Option target="murmure_txt" />
			<Option target="murmure_test" />
			<Option target="murmure_sfml" />
			<Option target="murmure_gen_test" />
			<Option target="murmure_test_q" />
		</Unit>
		<Unit filename="src/sfml/ClefSFML.cpp">
			<Option target="murmure_sfml" />
		</Unit>
		<Unit filename="src/sfml/ClefSFML.h">
			<Option target="murmure_sfml" />
		</Unit>
		<Unit filename="src/sfml/EnnemiSFML.cpp" />
		<Unit filename="src/sfml/EnnemiSFML.h" />
		<Unit filename="src/sfml/HitboxSFML.cpp" />
		<Unit filename="src/sfml/HitboxSFML.h" />
		<Unit filename="src/sfml/JeuSFML.cpp">
			<Option target="murmure_txt" />
			<Option target="murmure_test" />
			<Option target="murmure_sfml" />
			<Option target="murmure_gen_test" />
			<Option target="murmure_test_q" />
		</Unit>
		<Unit filename="src/sfml/JeuSFML.h">
			<Option target="murmure_txt" />
			<Option target="murmure_test" />
			<Option target="murmure_sfml" />
			<Option target="murmure_gen_test" />
			<Option target="murmure_test_q" />
		</Unit>
		<Unit filename="src/sfml/MenuSFML.cpp">
			<Option target="murmure_sfml" />
		</Unit>
		<Unit filename="src/sfml/MenuSFML.h">
			<Option target="murmure_sfml" />
		</Unit>
		<Unit filename="src/sfml/PersoSFML.cpp">
			<Option target="murmure_txt" />
			<Option target="murmure_test" />
			<Option target="murmure_sfml" />
			<Option target="murmure_gen_test" />
			<Option target="murmure_test_q" />
		</Unit>
		<Unit filename="src/sfml/PersoSFML.h">
			<Option target="murmure_txt" />
			<Option target="murmure_test" />
			<Option target="murmure_sfml" />
			<Option target="murmure_gen_test" />
			<Option target="murmure_test_q" />
		</Unit>
		<Unit filename="src/sfml/ProjectileSFML.cpp" />
		<Unit filename="src/sfml/ProjectileSFML.h" />
		<Unit filename="src/sfml/SelecPersoSFML.cpp">
			<Option target="murmure_txt" />
			<Option target="murmure_test" />
			<Option target="murmure_sfml" />
			<Option target="murmure_gen_test" />
			<Option target="murmure_test_q" />
		</Unit>
		<Unit filename="src/sfml/SelecPersoSFML.h">
			<Option target="murmure_txt" />
			<Option target="murmure_test" />
			<Option target="murmure_sfml" />
			<Option target="murmure_gen_test" />
			<Option target="murmure_test_q" />
		</Unit>
		<Unit filename="src/sfml/TextureSFML.cpp">
			<Option target="murmure_txt" />
			<Option target="murmure_test" />
			<Option target="murmure_sfml" />
			<Option target="murmure_gen_test" />
			<Option target="murmure_test_q" />
		</Unit>
		<Unit filename="src/sfml/TextureSFML.h">
			<Option target="murmure_txt" />
			<Option target="murmure_test" />
			<Option target="murmure_sfml" />
			<Option target="murmure_gen_test" />
			<Option target="murmure_test_q" />
		</Unit>
		<Unit filename="src/sfml/mainSFML.cpp">
			<Option target="murmure_txt" />
			<Option target="murmure_test" />
			<Option target="murmure_test_q" />
		</Unit>
		<Unit filename="src/test/mainTest.cpp">
			<Option target="murmure_txt" />
			<Option target="murmure_test" />
			<Option target="murmure_sfml" />
			<Option target="murmure_gen_test" />
			<Option target="murmure_test_q" />
		</Unit>
		<Unit filename="src/test_regression/mainTESTREG.cpp">
			<Option target="murmure_txt" />
			<Option target="murmure_test" />
			<Option target="murmure_sfml" />
			<Option target="murmure_gen_test" />
			<Option target="murmure_test_q" />
		</Unit>
		<Unit filename="src/testing/dijkstra_tests">
			<Option target="murmure_test" />
			<Option target="murmure_sfml" />
			<Option target="murmure_test_q" />
		</Unit>
		<Unit filename="src/testing/generation_tests.cpp">
			<Option target="murmure_test" />
			<Option target="murmure_test_q" />
		</Unit>
		<Unit filename="src/testing/generation_tests.h">
			<Option target="murmure_txt" />
			<Option target="murmure_test" />
			<Option target="murmure_sfml" />
			<Option target="murmure_gen_test" />
			<Option target="murmure_test_q" />
		</Unit>
		<Unit filename="src/testing/map_testing.cpp">
			<Option target="murmure_txt" />
			<Option target="murmure_test" />
			<Option target="murmure_test_q" />
		</Unit>
		<Unit filename="src/txt/JeuTxt.cpp">
			<Option target="murmure_txt" />
			<Option target="murmure_test" />
			<Option target="murmure_sfml" />
			<Option target="murmure_gen_test" />
			<Option target="murmure_test_q" />
		</Unit>
		<Unit filename="src/txt/JeuTxt.h">
			<Option target="murmure_txt" />
			<Option target="murmure_test" />
			<Option target="murmure_sfml" />
			<Option target="murmure_gen_test" />
			<Option target="murmure_test_q" />
		</Unit>
		<Unit filename="src/txt/mainTxt.cpp">
			<Option target="murmure_txt" />
			<Option target="murmure_test_q" />
		</Unit>
		<Unit filename="src/txt/winTxt.cpp">
			<Option target="murmure_txt" />
		</Unit>
		<Unit filename="src/txt/winTxt.h">
			<Option target="murmure_txt" />
		</Unit>
		<Extensions>
			<code_completion />
			<debugger />
			<envvars />
		</Extensions>
	</Project>
</CodeBlocks_project_file>
