<?xml version="1.0" encoding="UTF-8" standalone="yes" ?>
<CodeBlocks_project_file>
	<FileVersion major="1" minor="6" />
	<Project>
		<Option title="Murmure" />
		<Option makefile_is_custom="1" />
		<Option execution_dir="../Murmure" />
		<Option pch_mode="2" />
		<Option compiler="gcc" />
		<Build>
			<Target title="murmure_txt">
				<Option output="bin/murmure_txt" prefix_auto="1" extension_auto="1" />
				<Option object_output="obj/Release/" />
				<Option type="1" />
				<Option compiler="gcc" />
				<Compiler>
					<Add option="-O2" />
				</Compiler>
				<Linker>
					<Add option="-s" />
				</Linker>
			</Target>
			<Target title="murmure_test">
				<Option output="bin/murmure_test" prefix_auto="1" extension_auto="1" />
				<Option type="1" />
				<Option compiler="gcc" />
			</Target>
			<Target title="murmure_sfml">
				<Option output="bin/murmure_sfml" prefix_auto="1" extension_auto="1" />
				<Option type="0" />
				<Option compiler="gcc" />
				<ExtraCommands>
					<Add after="export LD_LIBRARY_PATH=lib/SFML-2.4.2/SFML-2.4.2_Linux-gcc-5.4.0/lib &amp;&amp; bin/murmure_sfml" />
				</ExtraCommands>
			</Target>
			<Target title="murmure_gen_test">
				<Option output="bin/murmure_gen_test" prefix_auto="1" extension_auto="1" />
				<Option type="1" />
				<Option compiler="gcc" />
			</Target>
		</Build>
		<Compiler>
			<Add option="-Wall" />
		</Compiler>
		<Unit filename="Makefile">
			<Option target="murmure_txt" />
		</Unit>
		<Unit filename="src/core/CaseSalle.cpp" />
		<Unit filename="src/core/CaseSalle.h" />
		<Unit filename="src/core/Fichier.cpp" />
		<Unit filename="src/core/Fichier.h" />
		<Unit filename="src/core/Jeu.cpp" />
		<Unit filename="src/core/Jeu.h" />
		<Unit filename="src/core/Salle.cpp" />
		<Unit filename="src/core/Salle.h" />
		<Unit filename="src/core/Zone.cpp" />
		<Unit filename="src/core/Zone.h" />
		<Unit filename="src/core/ZoneGen.cpp" />
		<Unit filename="src/core/ZoneGen.h" />
		<Unit filename="src/sfml/CaseSFML.cpp" />
		<Unit filename="src/sfml/CaseSFML.h" />
		<Unit filename="src/sfml/JeuSFML.cpp" />
		<Unit filename="src/sfml/JeuSFML.h" />
		<Unit filename="src/sfml/mainSFML.cpp">
			<Option target="murmure_txt" />
			<Option target="murmure_test" />
		</Unit>
		<Unit filename="src/testing/generation_tests.cpp">
			<Option target="murmure_test" />
		</Unit>
		<Unit filename="src/testing/generation_tests.h" />
		<Unit filename="src/testing/map_testing.cpp">
			<Option target="murmure_txt" />
			<Option target="murmure_test" />
		</Unit>
		<Unit filename="src/txt/mainTxt.cpp">
			<Option target="murmure_txt" />
		</Unit>
		<Extensions>
			<code_completion />
			<debugger />
		</Extensions>
	</Project>
</CodeBlocks_project_file>
